
Microsoft Visual Studio Solution File, Format Version 12.00
# Visual Studio 15
VisualStudioVersion = 15.0.27130.2036
MinimumVisualStudioVersion = 10.0.40219.1
Project("{9A19103F-16F7-4668-BE54-9A1E7A4F7556}") = "Warm", "Warm\Warm.csproj", "{1057FDEE-6D01-4D3B-BC3B-F2C6F8BB0431}"
EndProject
Project("{FAE04EC0-301F-11D3-BF4B-00C04F79EFBC}") = "Warm.Repository", "DBRepository\Warm.Repository.csproj", "{A23FEB39-2950-4382-8B47-C8636C431D22}"
EndProject
Project("{FAE04EC0-301F-11D3-BF4B-00C04F79EFBC}") = "Warm.Models", "Models\Warm.Models.csproj", "{843180BB-0929-4B9F-B738-9235226461FE}"
EndProject
Global
	GlobalSection(SolutionConfigurationPlatforms) = preSolution
		Debug|Any CPU = Debug|Any CPU
		Release|Any CPU = Release|Any CPU
	EndGlobalSection
	GlobalSection(ProjectConfigurationPlatforms) = postSolution
		{1057FDEE-6D01-4D3B-BC3B-F2C6F8BB0431}.Debug|Any CPU.ActiveCfg = Debug|Any CPU
		{1057FDEE-6D01-4D3B-BC3B-F2C6F8BB0431}.Debug|Any CPU.Build.0 = Debug|Any CPU
		{1057FDEE-6D01-4D3B-BC3B-F2C6F8BB0431}.Release|Any CPU.ActiveCfg = Release|Any CPU
		{1057FDEE-6D01-4D3B-BC3B-F2C6F8BB0431}.Release|Any CPU.Build.0 = Release|Any CPU
		{A23FEB39-2950-4382-8B47-C8636C431D22}.Debug|Any CPU.ActiveCfg = Debug|Any CPU
		{A23FEB39-2950-4382-8B47-C8636C431D22}.Debug|Any CPU.Build.0 = Debug|Any CPU
		{A23FEB39-2950-4382-8B47-C8636C431D22}.Release|Any CPU.ActiveCfg = Release|Any CPU
		{A23FEB39-2950-4382-8B47-C8636C431D22}.Release|Any CPU.Build.0 = Release|Any CPU
		{843180BB-0929-4B9F-B738-9235226461FE}.Debug|Any CPU.ActiveCfg = Debug|Any CPU
		{843180BB-0929-4B9F-B738-9235226461FE}.Debug|Any CPU.Build.0 = Debug|Any CPU
		{843180BB-0929-4B9F-B738-9235226461FE}.Release|Any CPU.ActiveCfg = Release|Any CPU
		{843180BB-0929-4B9F-B738-9235226461FE}.Release|Any CPU.Build.0 = Release|Any CPU
	EndGlobalSection
	GlobalSection(SolutionProperties) = preSolution
		HideSolutionNode = FALSE
	EndGlobalSection
	GlobalSection(ExtensibilityGlobals) = postSolution
		SolutionGuid = {A55B0063-9CF2-4F44-BFC1-4A33FA7B61A7}
	EndGlobalSection
EndGlobal
