
Microsoft Visual Studio Solution File, Format Version 12.00
# Visual Studio 15
VisualStudioVersion = 15.0.27130.2036
MinimumVisualStudioVersion = 10.0.40219.1
Project("{9A19103F-16F7-4668-BE54-9A1E7A4F7556}") = "Warm", "Warm\Warm.csproj", "{1057FDEE-6D01-4D3B-BC3B-F2C6F8BB0431}"
EndProject
Project("{9A19103F-16F7-4668-BE54-9A1E7A4F7556}") = "Warm.Models", "Warm.Models\Warm.Models.csproj", "{6134545A-EE09-40EC-9952-ED78F4F85C7A}"
EndProject
Project("{9A19103F-16F7-4668-BE54-9A1E7A4F7556}") = "Warm.Repository", "Warm.Repository\Warm.Repository.csproj", "{B2869B71-BC88-4C39-B413-A036C27DEC8D}"
EndProject
Global
	GlobalSection(SolutionConfigurationPlatforms) = preSolution
		Debug|Any CPU = Debug|Any CPU
		Release|Any CPU = Release|Any CPU
	EndGlobalSection
	GlobalSection(ProjectConfigurationPlatforms) = postSolution
		{1057FDEE-6D01-4D3B-BC3B-F2C6F8BB0431}.Debug|Any CPU.ActiveCfg = Debug|Any CPU
		{1057FDEE-6D01-4D3B-BC3B-F2C6F8BB0431}.Debug|Any CPU.Build.0 = Debug|Any CPU
		{1057FDEE-6D01-4D3B-BC3B-F2C6F8BB0431}.Release|Any CPU.ActiveCfg = Release|Any CPU
		{1057FDEE-6D01-4D3B-BC3B-F2C6F8BB0431}.Release|Any CPU.Build.0 = Release|Any CPU
		{6134545A-EE09-40EC-9952-ED78F4F85C7A}.Debug|Any CPU.ActiveCfg = Debug|Any CPU
		{6134545A-EE09-40EC-9952-ED78F4F85C7A}.Debug|Any CPU.Build.0 = Debug|Any CPU
		{6134545A-EE09-40EC-9952-ED78F4F85C7A}.Release|Any CPU.ActiveCfg = Release|Any CPU
		{6134545A-EE09-40EC-9952-ED78F4F85C7A}.Release|Any CPU.Build.0 = Release|Any CPU
		{B2869B71-BC88-4C39-B413-A036C27DEC8D}.Debug|Any CPU.ActiveCfg = Debug|Any CPU
		{B2869B71-BC88-4C39-B413-A036C27DEC8D}.Debug|Any CPU.Build.0 = Debug|Any CPU
		{B2869B71-BC88-4C39-B413-A036C27DEC8D}.Release|Any CPU.ActiveCfg = Release|Any CPU
		{B2869B71-BC88-4C39-B413-A036C27DEC8D}.Release|Any CPU.Build.0 = Release|Any CPU
	EndGlobalSection
	GlobalSection(SolutionProperties) = preSolution
		HideSolutionNode = FALSE
	EndGlobalSection
	GlobalSection(ExtensibilityGlobals) = postSolution
		SolutionGuid = {A55B0063-9CF2-4F44-BFC1-4A33FA7B61A7}
	EndGlobalSection
EndGlobal
